
Microsoft Visual Studio Solution File, Format Version 12.00
# Visual Studio Version 17
VisualStudioVersion = 17.5.002.0
MinimumVisualStudioVersion = 10.0.40219.1
Project("{2150E333-8FDC-42A3-9474-1A3956D46DE8}") = "ExtensionMethod", "ExtensionMethod", "{7C1F4E94-0087-407E-9F1B-0715DE220DDA}"
EndProject
Project("{9A19103F-16F7-4668-BE54-9A1E7A4F7556}") = "ExtensionMethod", "ExtensionMethod\C#\ExtensionMethod.csproj", "{630265F6-0AE2-41B6-9F2C-E7D1AA84421E}"
EndProject
Project("{2150E333-8FDC-42A3-9474-1A3956D46DE8}") = "Proxy", "Proxy", "{64AAD129-5881-435F-A680-FD6066782D57}"
EndProject
Project("{9A19103F-16F7-4668-BE54-9A1E7A4F7556}") = "Proxy", "Proxy\C#\Proxy.csproj", "{46C479F2-DC57-4A05-8A3D-C42584FE5FFE}"
EndProject
Project("{2150E333-8FDC-42A3-9474-1A3956D46DE8}") = "ObjectPool", "ObjectPool", "{32B85D6A-6284-4BA1-9D9C-928AE238A575}"
EndProject
Project("{9A19103F-16F7-4668-BE54-9A1E7A4F7556}") = "ObjectPool", "ObjectPool\C#\ObjectPool.csproj", "{872AADF4-5E22-4823-A3F4-0FABEA860751}"
EndProject
Project("{2150E333-8FDC-42A3-9474-1A3956D46DE8}") = "Bridge", "Bridge", "{B45E2169-D41C-492A-B2D4-B819D7B9943D}"
EndProject
Project("{9A19103F-16F7-4668-BE54-9A1E7A4F7556}") = "Bridge", "Bridge\C#\Bridge.csproj", "{93A6FA3B-F838-415A-B6F1-AD2EE77DCFE5}"
EndProject
Project("{2150E333-8FDC-42A3-9474-1A3956D46DE8}") = "AbstractFactory", "AbstractFactory", "{7B0E86E5-C885-492B-9D9B-F102D1F9FFCC}"
EndProject
Project("{9A19103F-16F7-4668-BE54-9A1E7A4F7556}") = "AbstractFactory", "AbstractFactory\C#\AbstractFactory.csproj", "{37B9D026-D043-4753-910E-B573B9A0A5BF}"
EndProject
Project("{2150E333-8FDC-42A3-9474-1A3956D46DE8}") = "Facade", "Facade", "{7F3B712D-7811-4EB2-B269-7A4958FB6409}"
EndProject
Project("{9A19103F-16F7-4668-BE54-9A1E7A4F7556}") = "Facade", "Facade\C#\Facade.csproj", "{FE76F225-5C52-4FB7-B0C0-6FE5D50ACC75}"
EndProject
Project("{2150E333-8FDC-42A3-9474-1A3956D46DE8}") = "Adapter", "Adapter", "{25817D6C-6169-4235-B95E-4EA5AE2E79E4}"
EndProject
Project("{9A19103F-16F7-4668-BE54-9A1E7A4F7556}") = "Adapter", "Adapter\C#\Adapter.csproj", "{034C1605-8A27-407E-BBA1-9306E3082C90}"
EndProject
Project("{2150E333-8FDC-42A3-9474-1A3956D46DE8}") = "Prototype", "Prototype", "{814FFCC4-82E4-4B2E-AFF4-52E5B9CE6238}"
EndProject
Project("{9A19103F-16F7-4668-BE54-9A1E7A4F7556}") = "Prototype", "Prototype\C#\Prototype.csproj", "{7804373E-DF80-4528-BFC5-7F00008372E3}"
EndProject
Project("{2150E333-8FDC-42A3-9474-1A3956D46DE8}") = "FactoryMethod", "FactoryMethod", "{406D1E74-C925-4319-A27E-471A097A27F1}"
EndProject
Project("{9A19103F-16F7-4668-BE54-9A1E7A4F7556}") = "FactoryMethod", "FactoryMethod\C#\FactoryMethod.csproj", "{0704FF73-BAE0-47F3-B593-2B4875BCCC9A}"
EndProject
Project("{2150E333-8FDC-42A3-9474-1A3956D46DE8}") = "ShallowDeepCopy", "ShallowDeepCopy", "{B3125A52-94EC-47EA-8CD0-359104E25110}"
EndProject
Project("{9A19103F-16F7-4668-BE54-9A1E7A4F7556}") = "ShallowDeepCopy", "ShallowDeepCopy\C#\ShallowDeepCopy.csproj", "{8C74DC4F-F5D9-4C06-AF4B-0051AC51D425}"
EndProject
Project("{2150E333-8FDC-42A3-9474-1A3956D46DE8}") = "Singleton", "Singleton", "{BCBBAE85-6B26-4C39-8F08-6BA5084F7983}"
EndProject
Project("{9A19103F-16F7-4668-BE54-9A1E7A4F7556}") = "Singleton", "Singleton\C#\Singleton.csproj", "{6B919A06-1CD6-4364-A473-E8C8104BE25F}"
EndProject
Project("{2150E333-8FDC-42A3-9474-1A3956D46DE8}") = "Flyweight", "Flyweight", "{E1C8772C-3146-4291-8B00-80EDA808A481}"
EndProject
Project("{9A19103F-16F7-4668-BE54-9A1E7A4F7556}") = "Flyweight", "Flyweight\C#\Flyweight.csproj", "{C75A54E8-081F-456A-8B65-E6DC70058603}"
EndProject
Project("{2150E333-8FDC-42A3-9474-1A3956D46DE8}") = "Builder", "Builder", "{ADBBD84A-40D5-46E4-BC61-4AD34BD4B944}"
EndProject
Project("{9A19103F-16F7-4668-BE54-9A1E7A4F7556}") = "Builder", "Builder\C#\Builder.csproj", "{8F8CAEB6-1E84-4EC0-A1DB-6D82BB6D7272}"
EndProject
Project("{2150E333-8FDC-42A3-9474-1A3956D46DE8}") = "Factory", "Factory", "{247328EF-4C38-4814-AF50-9031BF2D624B}"
EndProject
Project("{9A19103F-16F7-4668-BE54-9A1E7A4F7556}") = "Factory", "Factory\C#\Factory.csproj", "{D1CE788E-E202-40C8-9445-144357A6D4AA}"
EndProject
Global
	GlobalSection(SolutionConfigurationPlatforms) = preSolution
		Debug|Any CPU = Debug|Any CPU
		Release|Any CPU = Release|Any CPU
	EndGlobalSection
	GlobalSection(ProjectConfigurationPlatforms) = postSolution
		{630265F6-0AE2-41B6-9F2C-E7D1AA84421E}.Debug|Any CPU.ActiveCfg = Debug|Any CPU
		{630265F6-0AE2-41B6-9F2C-E7D1AA84421E}.Debug|Any CPU.Build.0 = Debug|Any CPU
		{630265F6-0AE2-41B6-9F2C-E7D1AA84421E}.Release|Any CPU.ActiveCfg = Release|Any CPU
		{630265F6-0AE2-41B6-9F2C-E7D1AA84421E}.Release|Any CPU.Build.0 = Release|Any CPU
		{46C479F2-DC57-4A05-8A3D-C42584FE5FFE}.Debug|Any CPU.ActiveCfg = Debug|Any CPU
		{46C479F2-DC57-4A05-8A3D-C42584FE5FFE}.Debug|Any CPU.Build.0 = Debug|Any CPU
		{46C479F2-DC57-4A05-8A3D-C42584FE5FFE}.Release|Any CPU.ActiveCfg = Release|Any CPU
		{46C479F2-DC57-4A05-8A3D-C42584FE5FFE}.Release|Any CPU.Build.0 = Release|Any CPU
		{872AADF4-5E22-4823-A3F4-0FABEA860751}.Debug|Any CPU.ActiveCfg = Debug|Any CPU
		{872AADF4-5E22-4823-A3F4-0FABEA860751}.Debug|Any CPU.Build.0 = Debug|Any CPU
		{872AADF4-5E22-4823-A3F4-0FABEA860751}.Release|Any CPU.ActiveCfg = Release|Any CPU
		{872AADF4-5E22-4823-A3F4-0FABEA860751}.Release|Any CPU.Build.0 = Release|Any CPU
		{93A6FA3B-F838-415A-B6F1-AD2EE77DCFE5}.Debug|Any CPU.ActiveCfg = Debug|Any CPU
		{93A6FA3B-F838-415A-B6F1-AD2EE77DCFE5}.Debug|Any CPU.Build.0 = Debug|Any CPU
		{93A6FA3B-F838-415A-B6F1-AD2EE77DCFE5}.Release|Any CPU.ActiveCfg = Release|Any CPU
		{93A6FA3B-F838-415A-B6F1-AD2EE77DCFE5}.Release|Any CPU.Build.0 = Release|Any CPU
		{37B9D026-D043-4753-910E-B573B9A0A5BF}.Debug|Any CPU.ActiveCfg = Debug|Any CPU
		{37B9D026-D043-4753-910E-B573B9A0A5BF}.Debug|Any CPU.Build.0 = Debug|Any CPU
		{37B9D026-D043-4753-910E-B573B9A0A5BF}.Release|Any CPU.ActiveCfg = Release|Any CPU
		{37B9D026-D043-4753-910E-B573B9A0A5BF}.Release|Any CPU.Build.0 = Release|Any CPU
		{FE76F225-5C52-4FB7-B0C0-6FE5D50ACC75}.Debug|Any CPU.ActiveCfg = Debug|Any CPU
		{FE76F225-5C52-4FB7-B0C0-6FE5D50ACC75}.Debug|Any CPU.Build.0 = Debug|Any CPU
		{FE76F225-5C52-4FB7-B0C0-6FE5D50ACC75}.Release|Any CPU.ActiveCfg = Release|Any CPU
		{FE76F225-5C52-4FB7-B0C0-6FE5D50ACC75}.Release|Any CPU.Build.0 = Release|Any CPU
		{034C1605-8A27-407E-BBA1-9306E3082C90}.Debug|Any CPU.ActiveCfg = Debug|Any CPU
		{034C1605-8A27-407E-BBA1-9306E3082C90}.Debug|Any CPU.Build.0 = Debug|Any CPU
		{034C1605-8A27-407E-BBA1-9306E3082C90}.Release|Any CPU.ActiveCfg = Release|Any CPU
		{034C1605-8A27-407E-BBA1-9306E3082C90}.Release|Any CPU.Build.0 = Release|Any CPU
		{7804373E-DF80-4528-BFC5-7F00008372E3}.Debug|Any CPU.ActiveCfg = Debug|Any CPU
		{7804373E-DF80-4528-BFC5-7F00008372E3}.Debug|Any CPU.Build.0 = Debug|Any CPU
		{7804373E-DF80-4528-BFC5-7F00008372E3}.Release|Any CPU.ActiveCfg = Release|Any CPU
		{7804373E-DF80-4528-BFC5-7F00008372E3}.Release|Any CPU.Build.0 = Release|Any CPU
		{0704FF73-BAE0-47F3-B593-2B4875BCCC9A}.Debug|Any CPU.ActiveCfg = Debug|Any CPU
		{0704FF73-BAE0-47F3-B593-2B4875BCCC9A}.Debug|Any CPU.Build.0 = Debug|Any CPU
		{0704FF73-BAE0-47F3-B593-2B4875BCCC9A}.Release|Any CPU.ActiveCfg = Release|Any CPU
		{0704FF73-BAE0-47F3-B593-2B4875BCCC9A}.Release|Any CPU.Build.0 = Release|Any CPU
		{8C74DC4F-F5D9-4C06-AF4B-0051AC51D425}.Debug|Any CPU.ActiveCfg = Debug|Any CPU
		{8C74DC4F-F5D9-4C06-AF4B-0051AC51D425}.Debug|Any CPU.Build.0 = Debug|Any CPU
		{8C74DC4F-F5D9-4C06-AF4B-0051AC51D425}.Release|Any CPU.ActiveCfg = Release|Any CPU
		{8C74DC4F-F5D9-4C06-AF4B-0051AC51D425}.Release|Any CPU.Build.0 = Release|Any CPU
		{6B919A06-1CD6-4364-A473-E8C8104BE25F}.Debug|Any CPU.ActiveCfg = Debug|Any CPU
		{6B919A06-1CD6-4364-A473-E8C8104BE25F}.Debug|Any CPU.Build.0 = Debug|Any CPU
		{6B919A06-1CD6-4364-A473-E8C8104BE25F}.Release|Any CPU.ActiveCfg = Release|Any CPU
		{6B919A06-1CD6-4364-A473-E8C8104BE25F}.Release|Any CPU.Build.0 = Release|Any CPU
		{C75A54E8-081F-456A-8B65-E6DC70058603}.Debug|Any CPU.ActiveCfg = Debug|Any CPU
		{C75A54E8-081F-456A-8B65-E6DC70058603}.Debug|Any CPU.Build.0 = Debug|Any CPU
		{C75A54E8-081F-456A-8B65-E6DC70058603}.Release|Any CPU.ActiveCfg = Release|Any CPU
		{C75A54E8-081F-456A-8B65-E6DC70058603}.Release|Any CPU.Build.0 = Release|Any CPU
		{8F8CAEB6-1E84-4EC0-A1DB-6D82BB6D7272}.Debug|Any CPU.ActiveCfg = Debug|Any CPU
		{8F8CAEB6-1E84-4EC0-A1DB-6D82BB6D7272}.Debug|Any CPU.Build.0 = Debug|Any CPU
		{8F8CAEB6-1E84-4EC0-A1DB-6D82BB6D7272}.Release|Any CPU.ActiveCfg = Release|Any CPU
		{8F8CAEB6-1E84-4EC0-A1DB-6D82BB6D7272}.Release|Any CPU.Build.0 = Release|Any CPU
		{D1CE788E-E202-40C8-9445-144357A6D4AA}.Debug|Any CPU.ActiveCfg = Debug|Any CPU
		{D1CE788E-E202-40C8-9445-144357A6D4AA}.Debug|Any CPU.Build.0 = Debug|Any CPU
		{D1CE788E-E202-40C8-9445-144357A6D4AA}.Release|Any CPU.ActiveCfg = Release|Any CPU
		{D1CE788E-E202-40C8-9445-144357A6D4AA}.Release|Any CPU.Build.0 = Release|Any CPU
	EndGlobalSection
	GlobalSection(SolutionProperties) = preSolution
		HideSolutionNode = FALSE
	EndGlobalSection
	GlobalSection(NestedProjects) = preSolution
		{630265F6-0AE2-41B6-9F2C-E7D1AA84421E} = {7C1F4E94-0087-407E-9F1B-0715DE220DDA}
		{46C479F2-DC57-4A05-8A3D-C42584FE5FFE} = {64AAD129-5881-435F-A680-FD6066782D57}
		{872AADF4-5E22-4823-A3F4-0FABEA860751} = {32B85D6A-6284-4BA1-9D9C-928AE238A575}
		{93A6FA3B-F838-415A-B6F1-AD2EE77DCFE5} = {B45E2169-D41C-492A-B2D4-B819D7B9943D}
		{37B9D026-D043-4753-910E-B573B9A0A5BF} = {7B0E86E5-C885-492B-9D9B-F102D1F9FFCC}
		{FE76F225-5C52-4FB7-B0C0-6FE5D50ACC75} = {7F3B712D-7811-4EB2-B269-7A4958FB6409}
		{034C1605-8A27-407E-BBA1-9306E3082C90} = {25817D6C-6169-4235-B95E-4EA5AE2E79E4}
		{7804373E-DF80-4528-BFC5-7F00008372E3} = {814FFCC4-82E4-4B2E-AFF4-52E5B9CE6238}
		{0704FF73-BAE0-47F3-B593-2B4875BCCC9A} = {406D1E74-C925-4319-A27E-471A097A27F1}
		{8C74DC4F-F5D9-4C06-AF4B-0051AC51D425} = {B3125A52-94EC-47EA-8CD0-359104E25110}
		{6B919A06-1CD6-4364-A473-E8C8104BE25F} = {BCBBAE85-6B26-4C39-8F08-6BA5084F7983}
		{C75A54E8-081F-456A-8B65-E6DC70058603} = {E1C8772C-3146-4291-8B00-80EDA808A481}
		{8F8CAEB6-1E84-4EC0-A1DB-6D82BB6D7272} = {ADBBD84A-40D5-46E4-BC61-4AD34BD4B944}
		{D1CE788E-E202-40C8-9445-144357A6D4AA} = {247328EF-4C38-4814-AF50-9031BF2D624B}
	EndGlobalSection
	GlobalSection(ExtensibilityGlobals) = postSolution
		SolutionGuid = {AF291E0A-44F8-4D9A-A8BD-4F6BD7241D6A}
	EndGlobalSection
EndGlobal
